# Scientific acquisition/analysis runtime: Linux x86_64 / CPython3.12.
# Exact26-distribution closure of the installed frozen-study libraries.
# Downloaded wheel runtime payloads match the installed study environment.
# Install fresh with --require-hashes --only-binary=:all:; no native TaskVine.
# Different platforms/Python versions need their own resolved lock.
aiohappyeyeballs==2.7.1 --hash=sha256:9243213661e29250eb41368e5daa826fc017156c3b8a11440826b2e3ed376472
aiohttp==3.13.3 --hash=sha256:9ae8dd55c8e6c4257eae3a20fd2c8f41edaea5992ed67156642493b8daf3cecc
aiosignal==1.4.0 --hash=sha256:053243f8b92b990551949e63930a839ff0cf0b0ebbe0597b0f3fb19e1a0fe82e
attrs==26.1.0 --hash=sha256:c647aa4a12dfbad9333ca4e71fe62ddc36f4e63b2d260a37a8b83d2f043ac309
contourpy==1.4.0 --hash=sha256:875f42444c9cf48d56f724f2637e60d0f73b3b12c9041e1484580a233edf9591
cycler==0.12.1 --hash=sha256:85cef7cff222d8644161529808465972e51340599459b8ac3ccbac5a854e0d30
fonttools==4.66.1 --hash=sha256:7b8ff9e0edbcee2fbf7dff0c41b9041c1901c26acf64e23adb67495012df11de
frozenlist==1.8.0 --hash=sha256:494a5952b1c597ba44e0e78113a7266e656b9794eec897b19ead706bd7074383
idna==3.19 --hash=sha256:815e7be7a7806d54abb586dc943addc79e8b2ee16915059658cbeff4b1b43bf4
kiwisolver==1.5.1 --hash=sha256:34633ecf50d16187ab8e5528b7a2530f2feb4e23f300db4672538b51cfc5cd38
matplotlib==3.11.2 --hash=sha256:df4f7784aca81a94f254c0a2767d592ee25f407e488f5fa7203e51093fb6ca27
multidict==6.8.0 --hash=sha256:003a3bddb32915c3f67096ea41d24e53edf710edb65a1f5d0c70ab40b0e4d20b
numpy==2.5.3 --hash=sha256:b7e18c623bb5c95acb3b3328861272816ba199fb531921c5d6d0b675f1fde9e3
packaging==26.3 --hash=sha256:d7193f7c8e4e93f444fde0262bf90af30e16fa0ad0ad44cb553c87339b23cd1c
pillow==12.3.0 --hash=sha256:78cb2c6865a35ab8ff8b75fd122f6033b92a62c82801110e48ddd6c936a45d91
polars==1.37.1 --hash=sha256:377fed8939a2f1223c1563cfabdc7b4a3d6ff846efa1f2ddeb8644fafd9b1aff
polars-runtime-32==1.37.1 --hash=sha256:a8362d11ac5193b994c7e9048ffe22ccfb976699cfbf6e128ce0302e06728894
propcache==0.5.2 --hash=sha256:6f328175a2cde1f0ff2c4ed8ce968b9dcfb55f3a7153f39e2957ed994da13476
psutil==7.2.1 --hash=sha256:5e38404ca2bb30ed7267a46c02f06ff842e92da3bb8c5bfdadbd35a5722314d8
pyparsing==3.3.3 --hash=sha256:ece8c00a69cf01b45d0b1dedabb469c90d8caf996d4fda40f147627a122849a4
python-dateutil==2.9.0.post0 --hash=sha256:a8b2bc7bffae282281c8140a97d3aa9c14da0b136dfe83f850eea9a5f7470427
scipy==1.18.0 --hash=sha256:1f55797419e16e7f30cf88ffb3113ce0467f00cfe3f70d5c281730b21769bfc2
six==1.17.0 --hash=sha256:4721f391ed90541fddacab5acf947aa0d3dc7d27b2e1e8eda2be8970586c3274
tqdm==4.67.1 --hash=sha256:26445eca388f82e72884e0d580d5464cd801a3ea01e63e5601bdff9ba6a48de2
typing-extensions==4.16.0 --hash=sha256:481caa481374e813c1b176ada14e97f1f67a4539ce9cfeb3f350d78d6370c2e8
yarl==1.24.5 --hash=sha256:f08c7513ecef5aad65687bfdf6bc601ae9fccd04a42904501f8f7141abad9eb9
